
Microsoft Visual Studio Solution File, Format Version 12.00
# Visual Studio Version 16
VisualStudioVersion = 16.0.33214.272
MinimumVisualStudioVersion = 10.0.40219.1
Project("{FAE04EC0-301F-11D3-BF4B-00C04F79EFBC}") = "Mission2", "Mission2\Mission2.csproj", "{618F310D-4FFF-4904-8B4F-ABCF117BD134}"
EndProject
Global
	GlobalSection(SolutionConfigurationPlatforms) = preSolution
		Debug|Any CPU = Debug|Any CPU
		Release|Any CPU = Release|Any CPU
	EndGlobalSection
	GlobalSection(ProjectConfigurationPlatforms) = postSolution
		{618F310D-4FFF-4904-8B4F-ABCF117BD134}.Debug|Any CPU.ActiveCfg = Debug|Any CPU
		{618F310D-4FFF-4904-8B4F-ABCF117BD134}.Debug|Any CPU.Build.0 = Debug|Any CPU
		{618F310D-4FFF-4904-8B4F-ABCF117BD134}.Release|Any CPU.ActiveCfg = Release|Any CPU
		{618F310D-4FFF-4904-8B4F-ABCF117BD134}.Release|Any CPU.Build.0 = Release|Any CPU
	EndGlobalSection
	GlobalSection(SolutionProperties) = preSolution
		HideSolutionNode = FALSE
	EndGlobalSection
	GlobalSection(ExtensibilityGlobals) = postSolution
		SolutionGuid = {D8A271BB-3CAB-4F64-AC61-AE05C3770696}
	EndGlobalSection
EndGlobal
